// !$*UTF8*$!
{
	archiveVersion = 1;
	classes = {
	};
	objectVersion = 46;
	objects = {

/* Begin PBXBuildFile section */
		842CF6321E540E7200BA2CDD /* AppDelegate.swift in Sources */ = {isa = PBXBuildFile; fileRef = 842CF6311E540E7200BA2CDD /* AppDelegate.swift */; };
		842CF6341E540E7200BA2CDD /* ViewController.swift in Sources */ = {isa = PBXBuildFile; fileRef = 842CF6331E540E7200BA2CDD /* ViewController.swift */; };
		842CF6371E540E7200BA2CDD /* Main.storyboard in Resources */ = {isa = PBXBuildFile; fileRef = 842CF6351E540E7200BA2CDD /* Main.storyboard */; };
		842CF6391E540E7200BA2CDD /* Assets.xcassets in Resources */ = {isa = PBXBuildFile; fileRef = 842CF6381E540E7200BA2CDD /* Assets.xcassets */; };
		842CF63C1E540E7200BA2CDD /* LaunchScreen.storyboard in Resources */ = {isa = PBXBuildFile; fileRef = 842CF63A1E540E7200BA2CDD /* LaunchScreen.storyboard */; };
		842CF6471E540E7200BA2CDD /* EdenListTests.swift in Sources */ = {isa = PBXBuildFile; fileRef = 842CF6461E540E7200BA2CDD /* EdenListTests.swift */; };
		842CF6521E540E7200BA2CDD /* EdenListUITests.swift in Sources */ = {isa = PBXBuildFile; fileRef = 842CF6511E540E7200BA2CDD /* EdenListUITests.swift */; };
		842CF6601E54135700BA2CDD /* HomeViewController.swift in Sources */ = {isa = PBXBuildFile; fileRef = 842CF65F1E54135700BA2CDD /* HomeViewController.swift */; };
		84F82C151E56B32E00051C55 /* ListManager.swift in Sources */ = {isa = PBXBuildFile; fileRef = 84F82C141E56B32E00051C55 /* ListManager.swift */; };
		84F82C161E56B32E00051C55 /* ListManager.swift in Sources */ = {isa = PBXBuildFile; fileRef = 84F82C141E56B32E00051C55 /* ListManager.swift */; };
/* End PBXBuildFile section */

/* Begin PBXContainerItemProxy section */
		842CF6431E540E7200BA2CDD /* PBXContainerItemProxy */ = {
			isa = PBXContainerItemProxy;
			containerPortal = 842CF6261E540E7200BA2CDD /* Project object */;
			proxyType = 1;
			remoteGlobalIDString = 842CF62D1E540E7200BA2CDD;
			remoteInfo = EdenList;
		};
		842CF64E1E540E7200BA2CDD /* PBXContainerItemProxy */ = {
			isa = PBXContainerItemProxy;
			containerPortal = 842CF6261E540E7200BA2CDD /* Project object */;
			proxyType = 1;
			remoteGlobalIDString = 842CF62D1E540E7200BA2CDD;
			remoteInfo = EdenList;
		};
/* End PBXContainerItemProxy section */

/* Begin PBXFileReference section */
		842CF62E1E540E7200BA2CDD /* EdenList.app */ = {isa = PBXFileReference; explicitFileType = wrapper.application; includeInIndex = 0; path = EdenList.app; sourceTree = BUILT_PRODUCTS_DIR; };
		842CF6311E540E7200BA2CDD /* AppDelegate.swift */ = {isa = PBXFileReference; lastKnownFileType = sourcecode.swift; path = AppDelegate.swift; sourceTree = "<group>"; };
		842CF6331E540E7200BA2CDD /* ViewController.swift */ = {isa = PBXFileReference; lastKnownFileType = sourcecode.swift; path = ViewController.swift; sourceTree = "<group>"; };
		842CF6361E540E7200BA2CDD /* Base */ = {isa = PBXFileReference; lastKnownFileType = file.storyboard; name = Base; path = Base.lproj/Main.storyboard; sourceTree = "<group>"; };
		842CF6381E540E7200BA2CDD /* Assets.xcassets */ = {isa = PBXFileReference; lastKnownFileType = folder.assetcatalog; path = Assets.xcassets; sourceTree = "<group>"; };
		842CF63B1E540E7200BA2CDD /* Base */ = {isa = PBXFileReference; lastKnownFileType = file.storyboard; name = Base; path = Base.lproj/LaunchScreen.storyboard; sourceTree = "<group>"; };
		842CF63D1E540E7200BA2CDD /* Info.plist */ = {isa = PBXFileReference; lastKnownFileType = text.plist.xml; path = Info.plist; sourceTree = "<group>"; };
		842CF6421E540E7200BA2CDD /* EdenListTests.xctest */ = {isa = PBXFileReference; explicitFileType = wrapper.cfbundle; includeInIndex = 0; path = EdenListTests.xctest; sourceTree = BUILT_PRODUCTS_DIR; };
		842CF6461E540E7200BA2CDD /* EdenListTests.swift */ = {isa = PBXFileReference; lastKnownFileType = sourcecode.swift; path = EdenListTests.swift; sourceTree = "<group>"; };
		842CF6481E540E7200BA2CDD /* Info.plist */ = {isa = PBXFileReference; lastKnownFileType = text.plist.xml; path = Info.plist; sourceTree = "<group>"; };
		842CF64D1E540E7200BA2CDD /* EdenListUITests.xctest */ = {isa = PBXFileReference; explicitFileType = wrapper.cfbundle; includeInIndex = 0; path = EdenListUITests.xctest; sourceTree = BUILT_PRODUCTS_DIR; };
		842CF6511E540E7200BA2CDD /* EdenListUITests.swift */ = {isa = PBXFileReference; lastKnownFileType = sourcecode.swift; path = EdenListUITests.swift; sourceTree = "<group>"; };
		842CF6531E540E7200BA2CDD /* Info.plist */ = {isa = PBXFileReference; lastKnownFileType = text.plist.xml; path = Info.plist; sourceTree = "<group>"; };
		842CF65F1E54135700BA2CDD /* HomeViewController.swift */ = {isa = PBXFileReference; fileEncoding = 4; lastKnownFileType = sourcecode.swift; path = HomeViewController.swift; sourceTree = "<group>"; };
		84F82C141E56B32E00051C55 /* ListManager.swift */ = {isa = PBXFileReference; fileEncoding = 4; lastKnownFileType = sourcecode.swift; path = ListManager.swift; sourceTree = "<group>"; };
/* End PBXFileReference section */

/* Begin PBXFrameworksBuildPhase section */
		842CF62B1E540E7200BA2CDD /* Frameworks */ = {
			isa = PBXFrameworksBuildPhase;
			buildActionMask = 2147483647;
			files = (
			);
			runOnlyForDeploymentPostprocessing = 0;
		};
		842CF63F1E540E7200BA2CDD /* Frameworks */ = {
			isa = PBXFrameworksBuildPhase;
			buildActionMask = 2147483647;
			files = (
			);
			runOnlyForDeploymentPostprocessing = 0;
		};
		842CF64A1E540E7200BA2CDD /* Frameworks */ = {
			isa = PBXFrameworksBuildPhase;
			buildActionMask = 2147483647;
			files = (
			);
			runOnlyForDeploymentPostprocessing = 0;
		};
/* End PBXFrameworksBuildPhase section */

/* Begin PBXGroup section */
		842CF6251E540E7200BA2CDD = {
			isa = PBXGroup;
			children = (
				842CF6301E540E7200BA2CDD /* EdenList */,
				842CF6451E540E7200BA2CDD /* EdenListTests */,
				842CF6501E540E7200BA2CDD /* EdenListUITests */,
				842CF62F1E540E7200BA2CDD /* Products */,
			);
			sourceTree = "<group>";
		};
		842CF62F1E540E7200BA2CDD /* Products */ = {
			isa = PBXGroup;
			children = (
				842CF62E1E540E7200BA2CDD /* EdenList.app */,
				842CF6421E540E7200BA2CDD /* EdenListTests.xctest */,
				842CF64D1E540E7200BA2CDD /* EdenListUITests.xctest */,
			);
			name = Products;
			sourceTree = "<group>";
		};
		842CF6301E540E7200BA2CDD /* EdenList */ = {
			isa = PBXGroup;
			children = (
				842CF6311E540E7200BA2CDD /* AppDelegate.swift */,
				84F82C141E56B32E00051C55 /* ListManager.swift */,
				842CF65F1E54135700BA2CDD /* HomeViewController.swift */,
				842CF6331E540E7200BA2CDD /* ViewController.swift */,
				842CF6381E540E7200BA2CDD /* Assets.xcassets */,
				842CF63A1E540E7200BA2CDD /* LaunchScreen.storyboard */,
				842CF6351E540E7200BA2CDD /* Main.storyboard */,
				842CF63D1E540E7200BA2CDD /* Info.plist */,
			);
			path = EdenList;
			sourceTree = "<group>";
		};
		842CF6451E540E7200BA2CDD /* EdenListTests */ = {
			isa = PBXGroup;
			children = (
				842CF6461E540E7200BA2CDD /* EdenListTests.swift */,
				842CF6481E540E7200BA2CDD /* Info.plist */,
			);
			path = EdenListTests;
			sourceTree = "<group>";
		};
		842CF6501E540E7200BA2CDD /* EdenListUITests */ = {
			isa = PBXGroup;
			children = (
				842CF6511E540E7200BA2CDD /* EdenListUITests.swift */,
				842CF6531E540E7200BA2CDD /* Info.plist */,
			);
			path = EdenListUITests;
			sourceTree = "<group>";
		};
/* End PBXGroup section */

/* Begin PBXNativeTarget section */
		842CF62D1E540E7200BA2CDD /* EdenList */ = {
			isa = PBXNativeTarget;
			buildConfigurationList = 842CF6561E540E7200BA2CDD /* Build configuration list for PBXNativeTarget "EdenList" */;
			buildPhases = (
				842CF62A1E540E7200BA2CDD /* Sources */,
				842CF62B1E540E7200BA2CDD /* Frameworks */,
				842CF62C1E540E7200BA2CDD /* Resources */,
			);
			buildRules = (
			);
			dependencies = (
			);
			name = EdenList;
			productName = EdenList;
			productReference = 842CF62E1E540E7200BA2CDD /* EdenList.app */;
			productType = "com.apple.product-type.application";
		};
		842CF6411E540E7200BA2CDD /* EdenListTests */ = {
			isa = PBXNativeTarget;
			buildConfigurationList = 842CF6591E540E7200BA2CDD /* Build configuration list for PBXNativeTarget "EdenListTests" */;
			buildPhases = (
				842CF63E1E540E7200BA2CDD /* Sources */,
				842CF63F1E540E7200BA2CDD /* Frameworks */,
				842CF6401E540E7200BA2CDD /* Resources */,
			);
			buildRules = (
			);
			dependencies = (
				842CF6441E540E7200BA2CDD /* PBXTargetDependency */,
			);
			name = EdenListTests;
			productName = EdenListTests;
			productReference = 842CF6421E540E7200BA2CDD /* EdenListTests.xctest */;
			productType = "com.apple.product-type.bundle.unit-test";
		};
		842CF64C1E540E7200BA2CDD /* EdenListUITests */ = {
			isa = PBXNativeTarget;
			buildConfigurationList = 842CF65C1E540E7200BA2CDD /* Build configuration list for PBXNativeTarget "EdenListUITests" */;
			buildPhases = (
				842CF6491E540E7200BA2CDD /* Sources */,
				842CF64A1E540E7200BA2CDD /* Frameworks */,
				842CF64B1E540E7200BA2CDD /* Resources */,
			);
			buildRules = (
			);
			dependencies = (
				842CF64F1E540E7200BA2CDD /* PBXTargetDependency */,
			);
			name = EdenListUITests;
			productName = EdenListUITests;
			productReference = 842CF64D1E540E7200BA2CDD /* EdenListUITests.xctest */;
			productType = "com.apple.product-type.bundle.ui-testing";
		};
/* End PBXNativeTarget section */

/* Begin PBXProject section */
		842CF6261E540E7200BA2CDD /* Project object */ = {
			isa = PBXProject;
			attributes = {
				LastSwiftUpdateCheck = 0820;
				LastUpgradeCheck = 0820;
				ORGANIZATIONNAME = Edenwaith;
				TargetAttributes = {
					842CF62D1E540E7200BA2CDD = {
						CreatedOnToolsVersion = 8.2.1;
						DevelopmentTeam = 59RQ86687X;
						ProvisioningStyle = Automatic;
					};
					842CF6411E540E7200BA2CDD = {
						CreatedOnToolsVersion = 8.2.1;
						DevelopmentTeam = 59RQ86687X;
						ProvisioningStyle = Automatic;
						TestTargetID = 842CF62D1E540E7200BA2CDD;
					};
					842CF64C1E540E7200BA2CDD = {
						CreatedOnToolsVersion = 8.2.1;
						DevelopmentTeam = 59RQ86687X;
						ProvisioningStyle = Automatic;
						TestTargetID = 842CF62D1E540E7200BA2CDD;
					};
				};
			};
			buildConfigurationList = 842CF6291E540E7200BA2CDD /* Build configuration list for PBXProject "EdenList" */;
			compatibilityVersion = "Xcode 3.2";
			developmentRegion = English;
			hasScannedForEncodings = 0;
			knownRegions = (
				en,
				Base,
			);
			mainGroup = 842CF6251E540E7200BA2CDD;
			productRefGroup = 842CF62F1E540E7200BA2CDD /* Products */;
			projectDirPath = "";
			projectRoot = "";
			targets = (
				842CF62D1E540E7200BA2CDD /* EdenList */,
				842CF6411E540E7200BA2CDD /* EdenListTests */,
				842CF64C1E540E7200BA2CDD /* EdenListUITests */,
			);
		};
/* End PBXProject section */

/* Begin PBXResourcesBuildPhase section */
		842CF62C1E540E7200BA2CDD /* Resources */ = {
			isa = PBXResourcesBuildPhase;
			buildActionMask = 2147483647;
			files = (
				842CF63C1E540E7200BA2CDD /* LaunchScreen.storyboard in Resources */,
				842CF6391E540E7200BA2CDD /* Assets.xcassets in Resources */,
				842CF6371E540E7200BA2CDD /* Main.storyboard in Resources */,
			);
			runOnlyForDeploymentPostprocessing = 0;
		};
		842CF6401E540E7200BA2CDD /* Resources */ = {
			isa = PBXResourcesBuildPhase;
			buildActionMask = 2147483647;
			files = (
			);
			runOnlyForDeploymentPostprocessing = 0;
		};
		842CF64B1E540E7200BA2CDD /* Resources */ = {
			isa = PBXResourcesBuildPhase;
			buildActionMask = 2147483647;
			files = (
			);
			runOnlyForDeploymentPostprocessing = 0;
		};
/* End PBXResourcesBuildPhase section */

/* Begin PBXSourcesBuildPhase section */
		842CF62A1E540E7200BA2CDD /* Sources */ = {
			isa = PBXSourcesBuildPhase;
			buildActionMask = 2147483647;
			files = (
				842CF6341E540E7200BA2CDD /* ViewController.swift in Sources */,
				842CF6321E540E7200BA2CDD /* AppDelegate.swift in Sources */,
				842CF6601E54135700BA2CDD /* HomeViewController.swift in Sources */,
				84F82C151E56B32E00051C55 /* ListManager.swift in Sources */,
			);
			runOnlyForDeploymentPostprocessing = 0;
		};
		842CF63E1E540E7200BA2CDD /* Sources */ = {
			isa = PBXSourcesBuildPhase;
			buildActionMask = 2147483647;
			files = (
				842CF6471E540E7200BA2CDD /* EdenListTests.swift in Sources */,
				84F82C161E56B32E00051C55 /* ListManager.swift in Sources */,
			);
			runOnlyForDeploymentPostprocessing = 0;
		};
		842CF6491E540E7200BA2CDD /* Sources */ = {
			isa = PBXSourcesBuildPhase;
			buildActionMask = 2147483647;
			files = (
				842CF6521E540E7200BA2CDD /* EdenListUITests.swift in Sources */,
			);
			runOnlyForDeploymentPostprocessing = 0;
		};
/* End PBXSourcesBuildPhase section */

/* Begin PBXTargetDependency section */
		842CF6441E540E7200BA2CDD /* PBXTargetDependency */ = {
			isa = PBXTargetDependency;
			target = 842CF62D1E540E7200BA2CDD /* EdenList */;
			targetProxy = 842CF6431E540E7200BA2CDD /* PBXContainerItemProxy */;
		};
		842CF64F1E540E7200BA2CDD /* PBXTargetDependency */ = {
			isa = PBXTargetDependency;
			target = 842CF62D1E540E7200BA2CDD /* EdenList */;
			targetProxy = 842CF64E1E540E7200BA2CDD /* PBXContainerItemProxy */;
		};
/* End PBXTargetDependency section */

/* Begin PBXVariantGroup section */
		842CF6351E540E7200BA2CDD /* Main.storyboard */ = {
			isa = PBXVariantGroup;
			children = (
				842CF6361E540E7200BA2CDD /* Base */,
			);
			name = Main.storyboard;
			sourceTree = "<group>";
		};
		842CF63A1E540E7200BA2CDD /* LaunchScreen.storyboard */ = {
			isa = PBXVariantGroup;
			children = (
				842CF63B1E540E7200BA2CDD /* Base */,
			);
			name = LaunchScreen.storyboard;
			sourceTree = "<group>";
		};
/* End PBXVariantGroup section */

/* Begin XCBuildConfiguration section */
		842CF6541E540E7200BA2CDD /* Debug */ = {
			isa = XCBuildConfiguration;
			buildSettings = {
				ALWAYS_SEARCH_USER_PATHS = NO;
				CLANG_ANALYZER_NONNULL = YES;
				CLANG_CXX_LANGUAGE_STANDARD = "gnu++0x";
				CLANG_CXX_LIBRARY = "libc++";
				CLANG_ENABLE_MODULES = YES;
				CLANG_ENABLE_OBJC_ARC = YES;
				CLANG_WARN_BOOL_CONVERSION = YES;
				CLANG_WARN_CONSTANT_CONVERSION = YES;
				CLANG_WARN_DIRECT_OBJC_ISA_USAGE = YES_ERROR;
				CLANG_WARN_DOCUMENTATION_COMMENTS = YES;
				CLANG_WARN_EMPTY_BODY = YES;
				CLANG_WARN_ENUM_CONVERSION = YES;
				CLANG_WARN_INFINITE_RECURSION = YES;
				CLANG_WARN_INT_CONVERSION = YES;
				CLANG_WARN_OBJC_ROOT_CLASS = YES_ERROR;
				CLANG_WARN_SUSPICIOUS_MOVE = YES;
				CLANG_WARN_UNREACHABLE_CODE = YES;
				CLANG_WARN__DUPLICATE_METHOD_MATCH = YES;
				"CODE_SIGN_IDENTITY[sdk=iphoneos*]" = "iPhone Developer";
				COPY_PHASE_STRIP = NO;
				DEBUG_INFORMATION_FORMAT = dwarf;
				ENABLE_STRICT_OBJC_MSGSEND = YES;
				ENABLE_TESTABILITY = YES;
				GCC_C_LANGUAGE_STANDARD = gnu99;
				GCC_DYNAMIC_NO_PIC = NO;
				GCC_NO_COMMON_BLOCKS = YES;
				GCC_OPTIMIZATION_LEVEL = 0;
				GCC_PREPROCESSOR_DEFINITIONS = (
					"DEBUG=1",
					"$(inherited)",
				);
				GCC_WARN_64_TO_32_BIT_CONVERSION = YES;
				GCC_WARN_ABOUT_RETURN_TYPE = YES_ERROR;
				GCC_WARN_UNDECLARED_SELECTOR = YES;
				GCC_WARN_UNINITIALIZED_AUTOS = YES_AGGRESSIVE;
				GCC_WARN_UNUSED_FUNCTION = YES;
				GCC_WARN_UNUSED_VARIABLE = YES;
				IPHONEOS_DEPLOYMENT_TARGET = 10.2;
				MTL_ENABLE_DEBUG_INFO = YES;
				ONLY_ACTIVE_ARCH = YES;
				SDKROOT = iphoneos;
				SWIFT_ACTIVE_COMPILATION_CONDITIONS = DEBUG;
				SWIFT_OPTIMIZATION_LEVEL = "-Onone";
			};
			name = Debug;
		};
		842CF6551E540E7200BA2CDD /* Release */ = {
			isa = XCBuildConfiguration;
			buildSettings = {
				ALWAYS_SEARCH_USER_PATHS = NO;
				CLANG_ANALYZER_NONNULL = YES;
				CLANG_CXX_LANGUAGE_STANDARD = "gnu++0x";
				CLANG_CXX_LIBRARY = "libc++";
				CLANG_ENABLE_MODULES = YES;
				CLANG_ENABLE_OBJC_ARC = YES;
				CLANG_WARN_BOOL_CONVERSION = YES;
				CLANG_WARN_CONSTANT_CONVERSION = YES;
				CLANG_WARN_DIRECT_OBJC_ISA_USAGE = YES_ERROR;
				CLANG_WARN_DOCUMENTATION_COMMENTS = YES;
				CLANG_WARN_EMPTY_BODY = YES;
				CLANG_WARN_ENUM_CONVERSION = YES;
				CLANG_WARN_INFINITE_RECURSION = YES;
				CLANG_WARN_INT_CONVERSION = YES;
				CLANG_WARN_OBJC_ROOT_CLASS = YES_ERROR;
				CLANG_WARN_SUSPICIOUS_MOVE = YES;
				CLANG_WARN_UNREACHABLE_CODE = YES;
				CLANG_WARN__DUPLICATE_METHOD_MATCH = YES;
				"CODE_SIGN_IDENTITY[sdk=iphoneos*]" = "iPhone Developer";
				COPY_PHASE_STRIP = NO;
				DEBUG_INFORMATION_FORMAT = "dwarf-with-dsym";
				ENABLE_NS_ASSERTIONS = NO;
				ENABLE_STRICT_OBJC_MSGSEND = YES;
				GCC_C_LANGUAGE_STANDARD = gnu99;
				GCC_NO_COMMON_BLOCKS = YES;
				GCC_WARN_64_TO_32_BIT_CONVERSION = YES;
				GCC_WARN_ABOUT_RETURN_TYPE = YES_ERROR;
				GCC_WARN_UNDECLARED_SELECTOR = YES;
				GCC_WARN_UNINITIALIZED_AUTOS = YES_AGGRESSIVE;
				GCC_WARN_UNUSED_FUNCTION = YES;
				GCC_WARN_UNUSED_VARIABLE = YES;
				IPHONEOS_DEPLOYMENT_TARGET = 10.2;
				MTL_ENABLE_DEBUG_INFO = NO;
				SDKROOT = iphoneos;
				SWIFT_OPTIMIZATION_LEVEL = "-Owholemodule";
				VALIDATE_PRODUCT = YES;
			};
			name = Release;
		};
		842CF6571E540E7200BA2CDD /* Debug */ = {
			isa = XCBuildConfiguration;
			buildSettings = {
				ASSETCATALOG_COMPILER_APPICON_NAME = AppIcon;
				DEVELOPMENT_TEAM = 59RQ86687X;
				INFOPLIST_FILE = EdenList/Info.plist;
				LD_RUNPATH_SEARCH_PATHS = "$(inherited) @executable_path/Frameworks";
				PRODUCT_BUNDLE_IDENTIFIER = com.edenwaith.EdenList;
				PRODUCT_NAME = "$(TARGET_NAME)";
				SWIFT_VERSION = 3.0;
			};
			name = Debug;
		};
		842CF6581E540E7200BA2CDD /* Release */ = {
			isa = XCBuildConfiguration;
			buildSettings = {
				ASSETCATALOG_COMPILER_APPICON_NAME = AppIcon;
				DEVELOPMENT_TEAM = 59RQ86687X;
				INFOPLIST_FILE = EdenList/Info.plist;
				LD_RUNPATH_SEARCH_PATHS = "$(inherited) @executable_path/Frameworks";
				PRODUCT_BUNDLE_IDENTIFIER = com.edenwaith.EdenList;
				PRODUCT_NAME = "$(TARGET_NAME)";
				SWIFT_VERSION = 3.0;
			};
			name = Release;
		};
		842CF65A1E540E7200BA2CDD /* Debug */ = {
			isa = XCBuildConfiguration;
			buildSettings = {
				ALWAYS_EMBED_SWIFT_STANDARD_LIBRARIES = YES;
				BUNDLE_LOADER = "$(TEST_HOST)";
				DEVELOPMENT_TEAM = 59RQ86687X;
				INFOPLIST_FILE = EdenListTests/Info.plist;
				LD_RUNPATH_SEARCH_PATHS = "$(inherited) @executable_path/Frameworks @loader_path/Frameworks";
				PRODUCT_BUNDLE_IDENTIFIER = com.edenwaith.EdenListTests;
				PRODUCT_NAME = "$(TARGET_NAME)";
				SWIFT_VERSION = 3.0;
				TEST_HOST = "$(BUILT_PRODUCTS_DIR)/EdenList.app/EdenList";
			};
			name = Debug;
		};
		842CF65B1E540E7200BA2CDD /* Release */ = {
			isa = XCBuildConfiguration;
			buildSettings = {
				ALWAYS_EMBED_SWIFT_STANDARD_LIBRARIES = YES;
				BUNDLE_LOADER = "$(TEST_HOST)";
				DEVELOPMENT_TEAM = 59RQ86687X;
				INFOPLIST_FILE = EdenListTests/Info.plist;
				LD_RUNPATH_SEARCH_PATHS = "$(inherited) @executable_path/Frameworks @loader_path/Frameworks";
				PRODUCT_BUNDLE_IDENTIFIER = com.edenwaith.EdenListTests;
				PRODUCT_NAME = "$(TARGET_NAME)";
				SWIFT_VERSION = 3.0;
				TEST_HOST = "$(BUILT_PRODUCTS_DIR)/EdenList.app/EdenList";
			};
			name = Release;
		};
		842CF65D1E540E7200BA2CDD /* Debug */ = {
			isa = XCBuildConfiguration;
			buildSettings = {
				ALWAYS_EMBED_SWIFT_STANDARD_LIBRARIES = YES;
				DEVELOPMENT_TEAM = 59RQ86687X;
				INFOPLIST_FILE = EdenListUITests/Info.plist;
				LD_RUNPATH_SEARCH_PATHS = "$(inherited) @executable_path/Frameworks @loader_path/Frameworks";
				PRODUCT_BUNDLE_IDENTIFIER = com.edenwaith.EdenListUITests;
				PRODUCT_NAME = "$(TARGET_NAME)";
				SWIFT_VERSION = 3.0;
				TEST_TARGET_NAME = EdenList;
			};
			name = Debug;
		};
		842CF65E1E540E7200BA2CDD /* Release */ = {
			isa = XCBuildConfiguration;
			buildSettings = {
				ALWAYS_EMBED_SWIFT_STANDARD_LIBRARIES = YES;
				DEVELOPMENT_TEAM = 59RQ86687X;
				INFOPLIST_FILE = EdenListUITests/Info.plist;
				LD_RUNPATH_SEARCH_PATHS = "$(inherited) @executable_path/Frameworks @loader_path/Frameworks";
				PRODUCT_BUNDLE_IDENTIFIER = com.edenwaith.EdenListUITests;
				PRODUCT_NAME = "$(TARGET_NAME)";
				SWIFT_VERSION = 3.0;
				TEST_TARGET_NAME = EdenList;
			};
			name = Release;
		};
/* End XCBuildConfiguration section */

/* Begin XCConfigurationList section */
		842CF6291E540E7200BA2CDD /* Build configuration list for PBXProject "EdenList" */ = {
			isa = XCConfigurationList;
			buildConfigurations = (
				842CF6541E540E7200BA2CDD /* Debug */,
				842CF6551E540E7200BA2CDD /* Release */,
			);
			defaultConfigurationIsVisible = 0;
			defaultConfigurationName = Release;
		};
		842CF6561E540E7200BA2CDD /* Build configuration list for PBXNativeTarget "EdenList" */ = {
			isa = XCConfigurationList;
			buildConfigurations = (
				842CF6571E540E7200BA2CDD /* Debug */,
				842CF6581E540E7200BA2CDD /* Release */,
			);
			defaultConfigurationIsVisible = 0;
			defaultConfigurationName = Release;
		};
		842CF6591E540E7200BA2CDD /* Build configuration list for PBXNativeTarget "EdenListTests" */ = {
			isa = XCConfigurationList;
			buildConfigurations = (
				842CF65A1E540E7200BA2CDD /* Debug */,
				842CF65B1E540E7200BA2CDD /* Release */,
			);
			defaultConfigurationIsVisible = 0;
			defaultConfigurationName = Release;
		};
		842CF65C1E540E7200BA2CDD /* Build configuration list for PBXNativeTarget "EdenListUITests" */ = {
			isa = XCConfigurationList;
			buildConfigurations = (
				842CF65D1E540E7200BA2CDD /* Debug */,
				842CF65E1E540E7200BA2CDD /* Release */,
			);
			defaultConfigurationIsVisible = 0;
			defaultConfigurationName = Release;
		};
/* End XCConfigurationList section */
	};
	rootObject = 842CF6261E540E7200BA2CDD /* Project object */;
}
