// !$*UTF8*$!
{
	archiveVersion = 1;
	classes = {
	};
	objectVersion = 46;
	objects = {

/* Begin PBXBuildFile section */
		3D9E84E92331DEB800F6C9F4 /* print_template.html in Resources */ = {isa = PBXBuildFile; fileRef = 3D9E84E82331DEB800F6C9F4 /* print_template.html */; };
		3DF6DBF3244BED33004A4B38 /* UIColor+Utils.swift in Sources */ = {isa = PBXBuildFile; fileRef = 3DF6DBF2244BED33004A4B38 /* UIColor+Utils.swift */; };
		842CF6321E540E7200BA2CDD /* AppDelegate.swift in Sources */ = {isa = PBXBuildFile; fileRef = 842CF6311E540E7200BA2CDD /* AppDelegate.swift */; };
		842CF6371E540E7200BA2CDD /* Main.storyboard in Resources */ = {isa = PBXBuildFile; fileRef = 842CF6351E540E7200BA2CDD /* Main.storyboard */; };
		842CF6391E540E7200BA2CDD /* Assets.xcassets in Resources */ = {isa = PBXBuildFile; fileRef = 842CF6381E540E7200BA2CDD /* Assets.xcassets */; };
		842CF63C1E540E7200BA2CDD /* LaunchScreen.storyboard in Resources */ = {isa = PBXBuildFile; fileRef = 842CF63A1E540E7200BA2CDD /* LaunchScreen.storyboard */; };
		842CF6471E540E7200BA2CDD /* EdenListTests.swift in Sources */ = {isa = PBXBuildFile; fileRef = 842CF6461E540E7200BA2CDD /* EdenListTests.swift */; };
		842CF6521E540E7200BA2CDD /* EdenListUITests.swift in Sources */ = {isa = PBXBuildFile; fileRef = 842CF6511E540E7200BA2CDD /* EdenListUITests.swift */; };
		842CF6601E54135700BA2CDD /* HomeViewController.swift in Sources */ = {isa = PBXBuildFile; fileRef = 842CF65F1E54135700BA2CDD /* HomeViewController.swift */; };
		8445F61A1E6377110020744F /* ListItem.swift in Sources */ = {isa = PBXBuildFile; fileRef = 8445F6191E6377110020744F /* ListItem.swift */; };
		8445F61B1E6377110020744F /* ListItem.swift in Sources */ = {isa = PBXBuildFile; fileRef = 8445F6191E6377110020744F /* ListItem.swift */; };
		8445F61C1E6377110020744F /* ListItem.swift in Sources */ = {isa = PBXBuildFile; fileRef = 8445F6191E6377110020744F /* ListItem.swift */; };
		8469E58F1E8DE47F00BC28B3 /* EditItemTableViewCell.swift in Sources */ = {isa = PBXBuildFile; fileRef = 8469E58E1E8DE47F00BC28B3 /* EditItemTableViewCell.swift */; };
		8469E5901E8DE47F00BC28B3 /* EditItemTableViewCell.swift in Sources */ = {isa = PBXBuildFile; fileRef = 8469E58E1E8DE47F00BC28B3 /* EditItemTableViewCell.swift */; };
		8492951B1E8CA59100AD3D45 /* String+Utils.swift in Sources */ = {isa = PBXBuildFile; fileRef = 8492951A1E8CA59100AD3D45 /* String+Utils.swift */; };
		8492951C1E8CA59100AD3D45 /* String+Utils.swift in Sources */ = {isa = PBXBuildFile; fileRef = 8492951A1E8CA59100AD3D45 /* String+Utils.swift */; };
		8492951D1E8CA59100AD3D45 /* String+Utils.swift in Sources */ = {isa = PBXBuildFile; fileRef = 8492951A1E8CA59100AD3D45 /* String+Utils.swift */; };
		8498E78D1E5A26A80090AB93 /* NameListViewController.swift in Sources */ = {isa = PBXBuildFile; fileRef = 8498E78C1E5A26A80090AB93 /* NameListViewController.swift */; };
		8498E78E1E5A26A80090AB93 /* NameListViewController.swift in Sources */ = {isa = PBXBuildFile; fileRef = 8498E78C1E5A26A80090AB93 /* NameListViewController.swift */; };
		84F1861B1E5E978200145007 /* ListItemsViewController.swift in Sources */ = {isa = PBXBuildFile; fileRef = 84F1861A1E5E978200145007 /* ListItemsViewController.swift */; };
		84F1861C1E5E978200145007 /* ListItemsViewController.swift in Sources */ = {isa = PBXBuildFile; fileRef = 84F1861A1E5E978200145007 /* ListItemsViewController.swift */; };
		84F1861E1E5E979400145007 /* EditItemViewController.swift in Sources */ = {isa = PBXBuildFile; fileRef = 84F1861D1E5E979400145007 /* EditItemViewController.swift */; };
		84F1861F1E5E979400145007 /* EditItemViewController.swift in Sources */ = {isa = PBXBuildFile; fileRef = 84F1861D1E5E979400145007 /* EditItemViewController.swift */; };
		84F370B6202E60DB00BE467B /* EdenList_Icon_64.png in Resources */ = {isa = PBXBuildFile; fileRef = 84F370B2202E60DB00BE467B /* EdenList_Icon_64.png */; };
		84F370B7202E60DB00BE467B /* EdenList_Icon_320.png in Resources */ = {isa = PBXBuildFile; fileRef = 84F370B3202E60DB00BE467B /* EdenList_Icon_320.png */; };
		84F370B8202E60DB00BE467B /* EdenList_Icon_29.png in Resources */ = {isa = PBXBuildFile; fileRef = 84F370B4202E60DB00BE467B /* EdenList_Icon_29.png */; };
		84F370B9202E60DB00BE467B /* EdenList_Icon_58.png in Resources */ = {isa = PBXBuildFile; fileRef = 84F370B5202E60DB00BE467B /* EdenList_Icon_58.png */; };
		84F82C151E56B32E00051C55 /* ListManager.swift in Sources */ = {isa = PBXBuildFile; fileRef = 84F82C141E56B32E00051C55 /* ListManager.swift */; };
		84F82C161E56B32E00051C55 /* ListManager.swift in Sources */ = {isa = PBXBuildFile; fileRef = 84F82C141E56B32E00051C55 /* ListManager.swift */; };
/* End PBXBuildFile section */

/* Begin PBXContainerItemProxy section */
		842CF6431E540E7200BA2CDD /* PBXContainerItemProxy */ = {
			isa = PBXContainerItemProxy;
			containerPortal = 842CF6261E540E7200BA2CDD /* Project object */;
			proxyType = 1;
			remoteGlobalIDString = 842CF62D1E540E7200BA2CDD;
			remoteInfo = EdenList;
		};
		842CF64E1E540E7200BA2CDD /* PBXContainerItemProxy */ = {
			isa = PBXContainerItemProxy;
			containerPortal = 842CF6261E540E7200BA2CDD /* Project object */;
			proxyType = 1;
			remoteGlobalIDString = 842CF62D1E540E7200BA2CDD;
			remoteInfo = EdenList;
		};
/* End PBXContainerItemProxy section */

/* Begin PBXFileReference section */
		3D9E84E82331DEB800F6C9F4 /* print_template.html */ = {isa = PBXFileReference; fileEncoding = 4; lastKnownFileType = text.html; path = print_template.html; sourceTree = "<group>"; };
		3DF6DBF2244BED33004A4B38 /* UIColor+Utils.swift */ = {isa = PBXFileReference; lastKnownFileType = sourcecode.swift; name = "UIColor+Utils.swift"; path = "Extensions/UIColor+Utils.swift"; sourceTree = "<group>"; };
		842CF62E1E540E7200BA2CDD /* EdenList.app */ = {isa = PBXFileReference; explicitFileType = wrapper.application; includeInIndex = 0; path = EdenList.app; sourceTree = BUILT_PRODUCTS_DIR; };
		842CF6311E540E7200BA2CDD /* AppDelegate.swift */ = {isa = PBXFileReference; lastKnownFileType = sourcecode.swift; path = AppDelegate.swift; sourceTree = "<group>"; };
		842CF6361E540E7200BA2CDD /* Base */ = {isa = PBXFileReference; lastKnownFileType = file.storyboard; name = Base; path = Base.lproj/Main.storyboard; sourceTree = "<group>"; };
		842CF6381E540E7200BA2CDD /* Assets.xcassets */ = {isa = PBXFileReference; lastKnownFileType = folder.assetcatalog; path = Assets.xcassets; sourceTree = "<group>"; };
		842CF63B1E540E7200BA2CDD /* Base */ = {isa = PBXFileReference; lastKnownFileType = file.storyboard; name = Base; path = Base.lproj/LaunchScreen.storyboard; sourceTree = "<group>"; };
		842CF63D1E540E7200BA2CDD /* Info.plist */ = {isa = PBXFileReference; lastKnownFileType = text.plist.xml; path = Info.plist; sourceTree = "<group>"; };
		842CF6421E540E7200BA2CDD /* EdenListTests.xctest */ = {isa = PBXFileReference; explicitFileType = wrapper.cfbundle; includeInIndex = 0; path = EdenListTests.xctest; sourceTree = BUILT_PRODUCTS_DIR; };
		842CF6461E540E7200BA2CDD /* EdenListTests.swift */ = {isa = PBXFileReference; lastKnownFileType = sourcecode.swift; path = EdenListTests.swift; sourceTree = "<group>"; };
		842CF6481E540E7200BA2CDD /* Info.plist */ = {isa = PBXFileReference; lastKnownFileType = text.plist.xml; path = Info.plist; sourceTree = "<group>"; };
		842CF64D1E540E7200BA2CDD /* EdenListUITests.xctest */ = {isa = PBXFileReference; explicitFileType = wrapper.cfbundle; includeInIndex = 0; path = EdenListUITests.xctest; sourceTree = BUILT_PRODUCTS_DIR; };
		842CF6511E540E7200BA2CDD /* EdenListUITests.swift */ = {isa = PBXFileReference; lastKnownFileType = sourcecode.swift; path = EdenListUITests.swift; sourceTree = "<group>"; };
		842CF6531E540E7200BA2CDD /* Info.plist */ = {isa = PBXFileReference; lastKnownFileType = text.plist.xml; path = Info.plist; sourceTree = "<group>"; };
		842CF65F1E54135700BA2CDD /* HomeViewController.swift */ = {isa = PBXFileReference; fileEncoding = 4; lastKnownFileType = sourcecode.swift; path = HomeViewController.swift; sourceTree = "<group>"; };
		8445F6191E6377110020744F /* ListItem.swift */ = {isa = PBXFileReference; fileEncoding = 4; lastKnownFileType = sourcecode.swift; path = ListItem.swift; sourceTree = "<group>"; };
		8469E58E1E8DE47F00BC28B3 /* EditItemTableViewCell.swift */ = {isa = PBXFileReference; fileEncoding = 4; lastKnownFileType = sourcecode.swift; name = EditItemTableViewCell.swift; path = Views/EditItemTableViewCell.swift; sourceTree = "<group>"; };
		8492951A1E8CA59100AD3D45 /* String+Utils.swift */ = {isa = PBXFileReference; fileEncoding = 4; lastKnownFileType = sourcecode.swift; name = "String+Utils.swift"; path = "Extensions/String+Utils.swift"; sourceTree = "<group>"; };
		8498E78C1E5A26A80090AB93 /* NameListViewController.swift */ = {isa = PBXFileReference; fileEncoding = 4; lastKnownFileType = sourcecode.swift; path = NameListViewController.swift; sourceTree = "<group>"; };
		84F1861A1E5E978200145007 /* ListItemsViewController.swift */ = {isa = PBXFileReference; fileEncoding = 4; lastKnownFileType = sourcecode.swift; path = ListItemsViewController.swift; sourceTree = "<group>"; };
		84F1861D1E5E979400145007 /* EditItemViewController.swift */ = {isa = PBXFileReference; fileEncoding = 4; lastKnownFileType = sourcecode.swift; path = EditItemViewController.swift; sourceTree = "<group>"; };
		84F370B2202E60DB00BE467B /* EdenList_Icon_64.png */ = {isa = PBXFileReference; lastKnownFileType = image.png; name = EdenList_Icon_64.png; path = Images/EdenList_Icon_64.png; sourceTree = "<group>"; };
		84F370B3202E60DB00BE467B /* EdenList_Icon_320.png */ = {isa = PBXFileReference; lastKnownFileType = image.png; name = EdenList_Icon_320.png; path = Images/EdenList_Icon_320.png; sourceTree = "<group>"; };
		84F370B4202E60DB00BE467B /* EdenList_Icon_29.png */ = {isa = PBXFileReference; lastKnownFileType = image.png; name = EdenList_Icon_29.png; path = Images/EdenList_Icon_29.png; sourceTree = "<group>"; };
		84F370B5202E60DB00BE467B /* EdenList_Icon_58.png */ = {isa = PBXFileReference; lastKnownFileType = image.png; name = EdenList_Icon_58.png; path = Images/EdenList_Icon_58.png; sourceTree = "<group>"; };
		84F82C141E56B32E00051C55 /* ListManager.swift */ = {isa = PBXFileReference; fileEncoding = 4; lastKnownFileType = sourcecode.swift; path = ListManager.swift; sourceTree = "<group>"; };
/* End PBXFileReference section */

/* Begin PBXFrameworksBuildPhase section */
		842CF62B1E540E7200BA2CDD /* Frameworks */ = {
			isa = PBXFrameworksBuildPhase;
			buildActionMask = 2147483647;
			files = (
			);
			runOnlyForDeploymentPostprocessing = 0;
		};
		842CF63F1E540E7200BA2CDD /* Frameworks */ = {
			isa = PBXFrameworksBuildPhase;
			buildActionMask = 2147483647;
			files = (
			);
			runOnlyForDeploymentPostprocessing = 0;
		};
		842CF64A1E540E7200BA2CDD /* Frameworks */ = {
			isa = PBXFrameworksBuildPhase;
			buildActionMask = 2147483647;
			files = (
			);
			runOnlyForDeploymentPostprocessing = 0;
		};
/* End PBXFrameworksBuildPhase section */

/* Begin PBXGroup section */
		842CF6251E540E7200BA2CDD = {
			isa = PBXGroup;
			children = (
				842CF6301E540E7200BA2CDD /* EdenList */,
				842CF6451E540E7200BA2CDD /* EdenListTests */,
				842CF6501E540E7200BA2CDD /* EdenListUITests */,
				842CF62F1E540E7200BA2CDD /* Products */,
			);
			sourceTree = "<group>";
		};
		842CF62F1E540E7200BA2CDD /* Products */ = {
			isa = PBXGroup;
			children = (
				842CF62E1E540E7200BA2CDD /* EdenList.app */,
				842CF6421E540E7200BA2CDD /* EdenListTests.xctest */,
				842CF64D1E540E7200BA2CDD /* EdenListUITests.xctest */,
			);
			name = Products;
			sourceTree = "<group>";
		};
		842CF6301E540E7200BA2CDD /* EdenList */ = {
			isa = PBXGroup;
			children = (
				8445F61D1E6378730020744F /* Classes */,
				8445F61E1E63787E0020744F /* Storyboards */,
				842CF6381E540E7200BA2CDD /* Assets.xcassets */,
				84F370B1202E60C200BE467B /* Icons */,
				842CF63D1E540E7200BA2CDD /* Info.plist */,
				3D9E84E82331DEB800F6C9F4 /* print_template.html */,
			);
			path = EdenList;
			sourceTree = "<group>";
		};
		842CF6451E540E7200BA2CDD /* EdenListTests */ = {
			isa = PBXGroup;
			children = (
				842CF6461E540E7200BA2CDD /* EdenListTests.swift */,
				842CF6481E540E7200BA2CDD /* Info.plist */,
			);
			path = EdenListTests;
			sourceTree = "<group>";
		};
		842CF6501E540E7200BA2CDD /* EdenListUITests */ = {
			isa = PBXGroup;
			children = (
				842CF6511E540E7200BA2CDD /* EdenListUITests.swift */,
				842CF6531E540E7200BA2CDD /* Info.plist */,
			);
			path = EdenListUITests;
			sourceTree = "<group>";
		};
		8445F61D1E6378730020744F /* Classes */ = {
			isa = PBXGroup;
			children = (
				842CF6311E540E7200BA2CDD /* AppDelegate.swift */,
				849295191E8CA57100AD3D45 /* Extensions */,
				849295181E8CA55900AD3D45 /* Managers */,
				849295171E8CA55300AD3D45 /* Models */,
				849295161E8CA53100AD3D45 /* View Controllers */,
				8469E58D1E8DE44F00BC28B3 /* Views */,
			);
			name = Classes;
			sourceTree = "<group>";
		};
		8445F61E1E63787E0020744F /* Storyboards */ = {
			isa = PBXGroup;
			children = (
				842CF63A1E540E7200BA2CDD /* LaunchScreen.storyboard */,
				842CF6351E540E7200BA2CDD /* Main.storyboard */,
			);
			name = Storyboards;
			sourceTree = "<group>";
		};
		8469E58D1E8DE44F00BC28B3 /* Views */ = {
			isa = PBXGroup;
			children = (
				8469E58E1E8DE47F00BC28B3 /* EditItemTableViewCell.swift */,
			);
			name = Views;
			sourceTree = "<group>";
		};
		849295161E8CA53100AD3D45 /* View Controllers */ = {
			isa = PBXGroup;
			children = (
				84F1861D1E5E979400145007 /* EditItemViewController.swift */,
				84F1861A1E5E978200145007 /* ListItemsViewController.swift */,
				842CF65F1E54135700BA2CDD /* HomeViewController.swift */,
				8498E78C1E5A26A80090AB93 /* NameListViewController.swift */,
			);
			name = "View Controllers";
			sourceTree = "<group>";
		};
		849295171E8CA55300AD3D45 /* Models */ = {
			isa = PBXGroup;
			children = (
				8445F6191E6377110020744F /* ListItem.swift */,
			);
			name = Models;
			sourceTree = "<group>";
		};
		849295181E8CA55900AD3D45 /* Managers */ = {
			isa = PBXGroup;
			children = (
				84F82C141E56B32E00051C55 /* ListManager.swift */,
			);
			name = Managers;
			sourceTree = "<group>";
		};
		849295191E8CA57100AD3D45 /* Extensions */ = {
			isa = PBXGroup;
			children = (
				8492951A1E8CA59100AD3D45 /* String+Utils.swift */,
				3DF6DBF2244BED33004A4B38 /* UIColor+Utils.swift */,
			);
			name = Extensions;
			sourceTree = "<group>";
		};
		84F370B1202E60C200BE467B /* Icons */ = {
			isa = PBXGroup;
			children = (
				84F370B4202E60DB00BE467B /* EdenList_Icon_29.png */,
				84F370B5202E60DB00BE467B /* EdenList_Icon_58.png */,
				84F370B2202E60DB00BE467B /* EdenList_Icon_64.png */,
				84F370B3202E60DB00BE467B /* EdenList_Icon_320.png */,
			);
			name = Icons;
			sourceTree = "<group>";
		};
/* End PBXGroup section */

/* Begin PBXNativeTarget section */
		842CF62D1E540E7200BA2CDD /* EdenList */ = {
			isa = PBXNativeTarget;
			buildConfigurationList = 842CF6561E540E7200BA2CDD /* Build configuration list for PBXNativeTarget "EdenList" */;
			buildPhases = (
				842CF62A1E540E7200BA2CDD /* Sources */,
				842CF62B1E540E7200BA2CDD /* Frameworks */,
				842CF62C1E540E7200BA2CDD /* Resources */,
			);
			buildRules = (
			);
			dependencies = (
			);
			name = EdenList;
			productName = EdenList;
			productReference = 842CF62E1E540E7200BA2CDD /* EdenList.app */;
			productType = "com.apple.product-type.application";
		};
		842CF6411E540E7200BA2CDD /* EdenListTests */ = {
			isa = PBXNativeTarget;
			buildConfigurationList = 842CF6591E540E7200BA2CDD /* Build configuration list for PBXNativeTarget "EdenListTests" */;
			buildPhases = (
				842CF63E1E540E7200BA2CDD /* Sources */,
				842CF63F1E540E7200BA2CDD /* Frameworks */,
				842CF6401E540E7200BA2CDD /* Resources */,
			);
			buildRules = (
			);
			dependencies = (
				842CF6441E540E7200BA2CDD /* PBXTargetDependency */,
			);
			name = EdenListTests;
			productName = EdenListTests;
			productReference = 842CF6421E540E7200BA2CDD /* EdenListTests.xctest */;
			productType = "com.apple.product-type.bundle.unit-test";
		};
		842CF64C1E540E7200BA2CDD /* EdenListUITests */ = {
			isa = PBXNativeTarget;
			buildConfigurationList = 842CF65C1E540E7200BA2CDD /* Build configuration list for PBXNativeTarget "EdenListUITests" */;
			buildPhases = (
				842CF6491E540E7200BA2CDD /* Sources */,
				842CF64A1E540E7200BA2CDD /* Frameworks */,
				842CF64B1E540E7200BA2CDD /* Resources */,
			);
			buildRules = (
			);
			dependencies = (
				842CF64F1E540E7200BA2CDD /* PBXTargetDependency */,
			);
			name = EdenListUITests;
			productName = EdenListUITests;
			productReference = 842CF64D1E540E7200BA2CDD /* EdenListUITests.xctest */;
			productType = "com.apple.product-type.bundle.ui-testing";
		};
/* End PBXNativeTarget section */

/* Begin PBXProject section */
		842CF6261E540E7200BA2CDD /* Project object */ = {
			isa = PBXProject;
			attributes = {
				LastSwiftUpdateCheck = 0820;
				LastUpgradeCheck = 1120;
				ORGANIZATIONNAME = Edenwaith;
				TargetAttributes = {
					842CF62D1E540E7200BA2CDD = {
						CreatedOnToolsVersion = 8.2.1;
						DevelopmentTeam = 59RQ86687X;
						LastSwiftMigration = 1120;
						ProvisioningStyle = Automatic;
						SystemCapabilities = {
							com.apple.BackgroundModes = {
								enabled = 0;
							};
						};
					};
					842CF6411E540E7200BA2CDD = {
						CreatedOnToolsVersion = 8.2.1;
						DevelopmentTeam = 59RQ86687X;
						LastSwiftMigration = 1120;
						ProvisioningStyle = Automatic;
						TestTargetID = 842CF62D1E540E7200BA2CDD;
					};
					842CF64C1E540E7200BA2CDD = {
						CreatedOnToolsVersion = 8.2.1;
						DevelopmentTeam = 59RQ86687X;
						LastSwiftMigration = 1120;
						ProvisioningStyle = Automatic;
						TestTargetID = 842CF62D1E540E7200BA2CDD;
					};
				};
			};
			buildConfigurationList = 842CF6291E540E7200BA2CDD /* Build configuration list for PBXProject "EdenList" */;
			compatibilityVersion = "Xcode 3.2";
			developmentRegion = en;
			hasScannedForEncodings = 0;
			knownRegions = (
				en,
				Base,
			);
			mainGroup = 842CF6251E540E7200BA2CDD;
			productRefGroup = 842CF62F1E540E7200BA2CDD /* Products */;
			projectDirPath = "";
			projectRoot = "";
			targets = (
				842CF62D1E540E7200BA2CDD /* EdenList */,
				842CF6411E540E7200BA2CDD /* EdenListTests */,
				842CF64C1E540E7200BA2CDD /* EdenListUITests */,
			);
		};
/* End PBXProject section */

/* Begin PBXResourcesBuildPhase section */
		842CF62C1E540E7200BA2CDD /* Resources */ = {
			isa = PBXResourcesBuildPhase;
			buildActionMask = 2147483647;
			files = (
				84F370B9202E60DB00BE467B /* EdenList_Icon_58.png in Resources */,
				84F370B6202E60DB00BE467B /* EdenList_Icon_64.png in Resources */,
				84F370B7202E60DB00BE467B /* EdenList_Icon_320.png in Resources */,
				842CF63C1E540E7200BA2CDD /* LaunchScreen.storyboard in Resources */,
				842CF6391E540E7200BA2CDD /* Assets.xcassets in Resources */,
				842CF6371E540E7200BA2CDD /* Main.storyboard in Resources */,
				3D9E84E92331DEB800F6C9F4 /* print_template.html in Resources */,
				84F370B8202E60DB00BE467B /* EdenList_Icon_29.png in Resources */,
			);
			runOnlyForDeploymentPostprocessing = 0;
		};
		842CF6401E540E7200BA2CDD /* Resources */ = {
			isa = PBXResourcesBuildPhase;
			buildActionMask = 2147483647;
			files = (
			);
			runOnlyForDeploymentPostprocessing = 0;
		};
		842CF64B1E540E7200BA2CDD /* Resources */ = {
			isa = PBXResourcesBuildPhase;
			buildActionMask = 2147483647;
			files = (
			);
			runOnlyForDeploymentPostprocessing = 0;
		};
/* End PBXResourcesBuildPhase section */

/* Begin PBXSourcesBuildPhase section */
		842CF62A1E540E7200BA2CDD /* Sources */ = {
			isa = PBXSourcesBuildPhase;
			buildActionMask = 2147483647;
			files = (
				8492951B1E8CA59100AD3D45 /* String+Utils.swift in Sources */,
				8498E78D1E5A26A80090AB93 /* NameListViewController.swift in Sources */,
				8445F61A1E6377110020744F /* ListItem.swift in Sources */,
				84F1861E1E5E979400145007 /* EditItemViewController.swift in Sources */,
				842CF6321E540E7200BA2CDD /* AppDelegate.swift in Sources */,
				3DF6DBF3244BED33004A4B38 /* UIColor+Utils.swift in Sources */,
				84F1861B1E5E978200145007 /* ListItemsViewController.swift in Sources */,
				842CF6601E54135700BA2CDD /* HomeViewController.swift in Sources */,
				8469E58F1E8DE47F00BC28B3 /* EditItemTableViewCell.swift in Sources */,
				84F82C151E56B32E00051C55 /* ListManager.swift in Sources */,
			);
			runOnlyForDeploymentPostprocessing = 0;
		};
		842CF63E1E540E7200BA2CDD /* Sources */ = {
			isa = PBXSourcesBuildPhase;
			buildActionMask = 2147483647;
			files = (
				8492951C1E8CA59100AD3D45 /* String+Utils.swift in Sources */,
				8445F61B1E6377110020744F /* ListItem.swift in Sources */,
				842CF6471E540E7200BA2CDD /* EdenListTests.swift in Sources */,
				84F82C161E56B32E00051C55 /* ListManager.swift in Sources */,
			);
			runOnlyForDeploymentPostprocessing = 0;
		};
		842CF6491E540E7200BA2CDD /* Sources */ = {
			isa = PBXSourcesBuildPhase;
			buildActionMask = 2147483647;
			files = (
				8445F61C1E6377110020744F /* ListItem.swift in Sources */,
				842CF6521E540E7200BA2CDD /* EdenListUITests.swift in Sources */,
				8492951D1E8CA59100AD3D45 /* String+Utils.swift in Sources */,
				8469E5901E8DE47F00BC28B3 /* EditItemTableViewCell.swift in Sources */,
				84F1861C1E5E978200145007 /* ListItemsViewController.swift in Sources */,
				8498E78E1E5A26A80090AB93 /* NameListViewController.swift in Sources */,
				84F1861F1E5E979400145007 /* EditItemViewController.swift in Sources */,
			);
			runOnlyForDeploymentPostprocessing = 0;
		};
/* End PBXSourcesBuildPhase section */

/* Begin PBXTargetDependency section */
		842CF6441E540E7200BA2CDD /* PBXTargetDependency */ = {
			isa = PBXTargetDependency;
			target = 842CF62D1E540E7200BA2CDD /* EdenList */;
			targetProxy = 842CF6431E540E7200BA2CDD /* PBXContainerItemProxy */;
		};
		842CF64F1E540E7200BA2CDD /* PBXTargetDependency */ = {
			isa = PBXTargetDependency;
			target = 842CF62D1E540E7200BA2CDD /* EdenList */;
			targetProxy = 842CF64E1E540E7200BA2CDD /* PBXContainerItemProxy */;
		};
/* End PBXTargetDependency section */

/* Begin PBXVariantGroup section */
		842CF6351E540E7200BA2CDD /* Main.storyboard */ = {
			isa = PBXVariantGroup;
			children = (
				842CF6361E540E7200BA2CDD /* Base */,
			);
			name = Main.storyboard;
			sourceTree = "<group>";
		};
		842CF63A1E540E7200BA2CDD /* LaunchScreen.storyboard */ = {
			isa = PBXVariantGroup;
			children = (
				842CF63B1E540E7200BA2CDD /* Base */,
			);
			name = LaunchScreen.storyboard;
			sourceTree = "<group>";
		};
/* End PBXVariantGroup section */

/* Begin XCBuildConfiguration section */
		842CF6541E540E7200BA2CDD /* Debug */ = {
			isa = XCBuildConfiguration;
			buildSettings = {
				ALWAYS_SEARCH_USER_PATHS = NO;
				CLANG_ANALYZER_NONNULL = YES;
				CLANG_CXX_LANGUAGE_STANDARD = "gnu++0x";
				CLANG_CXX_LIBRARY = "libc++";
				CLANG_ENABLE_MODULES = YES;
				CLANG_ENABLE_OBJC_ARC = YES;
				CLANG_WARN_BLOCK_CAPTURE_AUTORELEASING = YES;
				CLANG_WARN_BOOL_CONVERSION = YES;
				CLANG_WARN_COMMA = YES;
				CLANG_WARN_CONSTANT_CONVERSION = YES;
				CLANG_WARN_DEPRECATED_OBJC_IMPLEMENTATIONS = YES;
				CLANG_WARN_DIRECT_OBJC_ISA_USAGE = YES_ERROR;
				CLANG_WARN_DOCUMENTATION_COMMENTS = YES;
				CLANG_WARN_EMPTY_BODY = YES;
				CLANG_WARN_ENUM_CONVERSION = YES;
				CLANG_WARN_INFINITE_RECURSION = YES;
				CLANG_WARN_INT_CONVERSION = YES;
				CLANG_WARN_NON_LITERAL_NULL_CONVERSION = YES;
				CLANG_WARN_OBJC_IMPLICIT_RETAIN_SELF = YES;
				CLANG_WARN_OBJC_LITERAL_CONVERSION = YES;
				CLANG_WARN_OBJC_ROOT_CLASS = YES_ERROR;
				CLANG_WARN_RANGE_LOOP_ANALYSIS = YES;
				CLANG_WARN_STRICT_PROTOTYPES = YES;
				CLANG_WARN_SUSPICIOUS_MOVE = YES;
				CLANG_WARN_UNREACHABLE_CODE = YES;
				CLANG_WARN__DUPLICATE_METHOD_MATCH = YES;
				"CODE_SIGN_IDENTITY[sdk=iphoneos*]" = "iPhone Developer";
				COPY_PHASE_STRIP = NO;
				DEBUG_INFORMATION_FORMAT = dwarf;
				ENABLE_STRICT_OBJC_MSGSEND = YES;
				ENABLE_TESTABILITY = YES;
				GCC_C_LANGUAGE_STANDARD = gnu99;
				GCC_DYNAMIC_NO_PIC = NO;
				GCC_NO_COMMON_BLOCKS = YES;
				GCC_OPTIMIZATION_LEVEL = 0;
				GCC_PREPROCESSOR_DEFINITIONS = (
					"DEBUG=1",
					"$(inherited)",
				);
				GCC_WARN_64_TO_32_BIT_CONVERSION = YES;
				GCC_WARN_ABOUT_RETURN_TYPE = YES_ERROR;
				GCC_WARN_UNDECLARED_SELECTOR = YES;
				GCC_WARN_UNINITIALIZED_AUTOS = YES_AGGRESSIVE;
				GCC_WARN_UNUSED_FUNCTION = YES;
				GCC_WARN_UNUSED_VARIABLE = YES;
				IPHONEOS_DEPLOYMENT_TARGET = 10.2;
				MTL_ENABLE_DEBUG_INFO = YES;
				ONLY_ACTIVE_ARCH = YES;
				SDKROOT = iphoneos;
				SWIFT_ACTIVE_COMPILATION_CONDITIONS = DEBUG;
				SWIFT_OPTIMIZATION_LEVEL = "-Onone";
			};
			name = Debug;
		};
		842CF6551E540E7200BA2CDD /* Release */ = {
			isa = XCBuildConfiguration;
			buildSettings = {
				ALWAYS_SEARCH_USER_PATHS = NO;
				CLANG_ANALYZER_NONNULL = YES;
				CLANG_CXX_LANGUAGE_STANDARD = "gnu++0x";
				CLANG_CXX_LIBRARY = "libc++";
				CLANG_ENABLE_MODULES = YES;
				CLANG_ENABLE_OBJC_ARC = YES;
				CLANG_WARN_BLOCK_CAPTURE_AUTORELEASING = YES;
				CLANG_WARN_BOOL_CONVERSION = YES;
				CLANG_WARN_COMMA = YES;
				CLANG_WARN_CONSTANT_CONVERSION = YES;
				CLANG_WARN_DEPRECATED_OBJC_IMPLEMENTATIONS = YES;
				CLANG_WARN_DIRECT_OBJC_ISA_USAGE = YES_ERROR;
				CLANG_WARN_DOCUMENTATION_COMMENTS = YES;
				CLANG_WARN_EMPTY_BODY = YES;
				CLANG_WARN_ENUM_CONVERSION = YES;
				CLANG_WARN_INFINITE_RECURSION = YES;
				CLANG_WARN_INT_CONVERSION = YES;
				CLANG_WARN_NON_LITERAL_NULL_CONVERSION = YES;
				CLANG_WARN_OBJC_IMPLICIT_RETAIN_SELF = YES;
				CLANG_WARN_OBJC_LITERAL_CONVERSION = YES;
				CLANG_WARN_OBJC_ROOT_CLASS = YES_ERROR;
				CLANG_WARN_RANGE_LOOP_ANALYSIS = YES;
				CLANG_WARN_STRICT_PROTOTYPES = YES;
				CLANG_WARN_SUSPICIOUS_MOVE = YES;
				CLANG_WARN_UNREACHABLE_CODE = YES;
				CLANG_WARN__DUPLICATE_METHOD_MATCH = YES;
				"CODE_SIGN_IDENTITY[sdk=iphoneos*]" = "iPhone Developer";
				COPY_PHASE_STRIP = NO;
				DEBUG_INFORMATION_FORMAT = "dwarf-with-dsym";
				ENABLE_NS_ASSERTIONS = NO;
				ENABLE_STRICT_OBJC_MSGSEND = YES;
				GCC_C_LANGUAGE_STANDARD = gnu99;
				GCC_NO_COMMON_BLOCKS = YES;
				GCC_WARN_64_TO_32_BIT_CONVERSION = YES;
				GCC_WARN_ABOUT_RETURN_TYPE = YES_ERROR;
				GCC_WARN_UNDECLARED_SELECTOR = YES;
				GCC_WARN_UNINITIALIZED_AUTOS = YES_AGGRESSIVE;
				GCC_WARN_UNUSED_FUNCTION = YES;
				GCC_WARN_UNUSED_VARIABLE = YES;
				IPHONEOS_DEPLOYMENT_TARGET = 10.2;
				MTL_ENABLE_DEBUG_INFO = NO;
				SDKROOT = iphoneos;
				SWIFT_OPTIMIZATION_LEVEL = "-Owholemodule";
				VALIDATE_PRODUCT = YES;
			};
			name = Release;
		};
		842CF6571E540E7200BA2CDD /* Debug */ = {
			isa = XCBuildConfiguration;
			buildSettings = {
				ASSETCATALOG_COMPILER_APPICON_NAME = AppIcon;
				CURRENT_PROJECT_VERSION = 2.2.1;
				DEVELOPMENT_TEAM = 59RQ86687X;
				INFOPLIST_FILE = EdenList/Info.plist;
				IPHONEOS_DEPLOYMENT_TARGET = 12.0;
				LD_RUNPATH_SEARCH_PATHS = "$(inherited) @executable_path/Frameworks";
				MARKETING_VERSION = 2.2.1;
				PRODUCT_BUNDLE_IDENTIFIER = com.edenwaith.edenlist;
				PRODUCT_NAME = "$(TARGET_NAME)";
				SWIFT_SWIFT3_OBJC_INFERENCE = Default;
				SWIFT_VERSION = 5.0;
				TARGETED_DEVICE_FAMILY = "1,2";
			};
			name = Debug;
		};
		842CF6581E540E7200BA2CDD /* Release */ = {
			isa = XCBuildConfiguration;
			buildSettings = {
				ASSETCATALOG_COMPILER_APPICON_NAME = AppIcon;
				CURRENT_PROJECT_VERSION = 2.2.1;
				DEVELOPMENT_TEAM = 59RQ86687X;
				INFOPLIST_FILE = EdenList/Info.plist;
				IPHONEOS_DEPLOYMENT_TARGET = 12.0;
				LD_RUNPATH_SEARCH_PATHS = "$(inherited) @executable_path/Frameworks";
				MARKETING_VERSION = 2.2.1;
				PRODUCT_BUNDLE_IDENTIFIER = com.edenwaith.edenlist;
				PRODUCT_NAME = "$(TARGET_NAME)";
				SWIFT_SWIFT3_OBJC_INFERENCE = Default;
				SWIFT_VERSION = 5.0;
				TARGETED_DEVICE_FAMILY = "1,2";
			};
			name = Release;
		};
		842CF65A1E540E7200BA2CDD /* Debug */ = {
			isa = XCBuildConfiguration;
			buildSettings = {
				ALWAYS_EMBED_SWIFT_STANDARD_LIBRARIES = YES;
				BUNDLE_LOADER = "$(TEST_HOST)";
				DEVELOPMENT_TEAM = 59RQ86687X;
				INFOPLIST_FILE = EdenListTests/Info.plist;
				LD_RUNPATH_SEARCH_PATHS = "$(inherited) @executable_path/Frameworks @loader_path/Frameworks";
				PRODUCT_BUNDLE_IDENTIFIER = com.edenwaith.EdenListTests;
				PRODUCT_NAME = "$(TARGET_NAME)";
				SWIFT_SWIFT3_OBJC_INFERENCE = On;
				SWIFT_VERSION = 5.0;
				TEST_HOST = "$(BUILT_PRODUCTS_DIR)/EdenList.app/EdenList";
			};
			name = Debug;
		};
		842CF65B1E540E7200BA2CDD /* Release */ = {
			isa = XCBuildConfiguration;
			buildSettings = {
				ALWAYS_EMBED_SWIFT_STANDARD_LIBRARIES = YES;
				BUNDLE_LOADER = "$(TEST_HOST)";
				DEVELOPMENT_TEAM = 59RQ86687X;
				INFOPLIST_FILE = EdenListTests/Info.plist;
				LD_RUNPATH_SEARCH_PATHS = "$(inherited) @executable_path/Frameworks @loader_path/Frameworks";
				PRODUCT_BUNDLE_IDENTIFIER = com.edenwaith.EdenListTests;
				PRODUCT_NAME = "$(TARGET_NAME)";
				SWIFT_SWIFT3_OBJC_INFERENCE = On;
				SWIFT_VERSION = 5.0;
				TEST_HOST = "$(BUILT_PRODUCTS_DIR)/EdenList.app/EdenList";
			};
			name = Release;
		};
		842CF65D1E540E7200BA2CDD /* Debug */ = {
			isa = XCBuildConfiguration;
			buildSettings = {
				ALWAYS_EMBED_SWIFT_STANDARD_LIBRARIES = YES;
				DEVELOPMENT_TEAM = 59RQ86687X;
				INFOPLIST_FILE = EdenListUITests/Info.plist;
				LD_RUNPATH_SEARCH_PATHS = "$(inherited) @executable_path/Frameworks @loader_path/Frameworks";
				PRODUCT_BUNDLE_IDENTIFIER = com.edenwaith.EdenListUITests;
				PRODUCT_NAME = "$(TARGET_NAME)";
				SWIFT_SWIFT3_OBJC_INFERENCE = On;
				SWIFT_VERSION = 5.0;
				TEST_TARGET_NAME = EdenList;
			};
			name = Debug;
		};
		842CF65E1E540E7200BA2CDD /* Release */ = {
			isa = XCBuildConfiguration;
			buildSettings = {
				ALWAYS_EMBED_SWIFT_STANDARD_LIBRARIES = YES;
				DEVELOPMENT_TEAM = 59RQ86687X;
				INFOPLIST_FILE = EdenListUITests/Info.plist;
				LD_RUNPATH_SEARCH_PATHS = "$(inherited) @executable_path/Frameworks @loader_path/Frameworks";
				PRODUCT_BUNDLE_IDENTIFIER = com.edenwaith.EdenListUITests;
				PRODUCT_NAME = "$(TARGET_NAME)";
				SWIFT_SWIFT3_OBJC_INFERENCE = On;
				SWIFT_VERSION = 5.0;
				TEST_TARGET_NAME = EdenList;
			};
			name = Release;
		};
/* End XCBuildConfiguration section */

/* Begin XCConfigurationList section */
		842CF6291E540E7200BA2CDD /* Build configuration list for PBXProject "EdenList" */ = {
			isa = XCConfigurationList;
			buildConfigurations = (
				842CF6541E540E7200BA2CDD /* Debug */,
				842CF6551E540E7200BA2CDD /* Release */,
			);
			defaultConfigurationIsVisible = 0;
			defaultConfigurationName = Release;
		};
		842CF6561E540E7200BA2CDD /* Build configuration list for PBXNativeTarget "EdenList" */ = {
			isa = XCConfigurationList;
			buildConfigurations = (
				842CF6571E540E7200BA2CDD /* Debug */,
				842CF6581E540E7200BA2CDD /* Release */,
			);
			defaultConfigurationIsVisible = 0;
			defaultConfigurationName = Release;
		};
		842CF6591E540E7200BA2CDD /* Build configuration list for PBXNativeTarget "EdenListTests" */ = {
			isa = XCConfigurationList;
			buildConfigurations = (
				842CF65A1E540E7200BA2CDD /* Debug */,
				842CF65B1E540E7200BA2CDD /* Release */,
			);
			defaultConfigurationIsVisible = 0;
			defaultConfigurationName = Release;
		};
		842CF65C1E540E7200BA2CDD /* Build configuration list for PBXNativeTarget "EdenListUITests" */ = {
			isa = XCConfigurationList;
			buildConfigurations = (
				842CF65D1E540E7200BA2CDD /* Debug */,
				842CF65E1E540E7200BA2CDD /* Release */,
			);
			defaultConfigurationIsVisible = 0;
			defaultConfigurationName = Release;
		};
/* End XCConfigurationList section */
	};
	rootObject = 842CF6261E540E7200BA2CDD /* Project object */;
}
